<?xml version="1.0" encoding="UTF-8" standalone="yes" ?>
<CodeBlocks_project_file>
	<FileVersion major="1" minor="6" />
	<Project>
		<Option title="Chess_3" />
		<Option pch_mode="2" />
		<Option compiler="gcc" />
		<Build>
			<Target title="Debug">
				<Option output="bin/Debug/Chess_3" prefix_auto="1" extension_auto="1" />
				<Option object_output="obj/Debug/" />
				<Option type="1" />
				<Option compiler="gcc" />
				<Compiler>
					<Add option="-pg" />
					<Add option="-g" />
				</Compiler>
				<Linker>
					<Add option="-pg -lgmon" />
				</Linker>
			</Target>
			<Target title="Release">
				<Option output="bin/Release/Chess_3" prefix_auto="1" extension_auto="1" />
				<Option object_output="obj/Release/" />
				<Option type="1" />
				<Option compiler="gcc" />
				<Compiler>
					<Add option="-Os" />
				</Compiler>
				<Linker>
					<Add option="-s" />
				</Linker>
			</Target>
		</Build>
		<Compiler>
			<Add option="-Wall" />
			<Add option="-fexceptions" />
			<Add directory="include" />
		</Compiler>
		<Unit filename="include/bitboard.h" />
		<Unit filename="include/board.h" />
		<Unit filename="include/constants.h" />
		<Unit filename="include/evaluation.h" />
		<Unit filename="include/king.h" />
		<Unit filename="include/knight.h" />
		<Unit filename="include/magic.h" />
		<Unit filename="include/pawn.h" />
		<Unit filename="include/perft.h" />
		<Unit filename="include/search.h" />
		<Unit filename="include/slider.h" />
		<Unit filename="main.cpp" />
		<Extensions />
	</Project>
</CodeBlocks_project_file>
